
Microsoft Visual Studio Solution File, Format Version 12.00
Project("{FAE04EC0-301F-11D3-BF4B-00C04F79EFBC}") = "DevServer", "DevServer\DevServer.csproj", "{DF551D65-436A-4816-84A1-6DBF79AEC553}"
EndProject
Global
	GlobalSection(SolutionConfigurationPlatforms) = preSolution
		Debug|Any CPU = Debug|Any CPU
		Release|Any CPU = Release|Any CPU
	EndGlobalSection
	GlobalSection(ProjectConfigurationPlatforms) = postSolution
		{DF551D65-436A-4816-84A1-6DBF79AEC553}.Debug|Any CPU.ActiveCfg = Debug|Any CPU
		{DF551D65-436A-4816-84A1-6DBF79AEC553}.Debug|Any CPU.Build.0 = Debug|Any CPU
		{DF551D65-436A-4816-84A1-6DBF79AEC553}.Release|Any CPU.ActiveCfg = Release|Any CPU
		{DF551D65-436A-4816-84A1-6DBF79AEC553}.Release|Any CPU.Build.0 = Release|Any CPU
	EndGlobalSection
EndGlobal
